<?xml version="1.0" encoding="UTF-8" standalone="yes" ?>
<CodeBlocks_project_file>
	<FileVersion major="1" minor="6" />
	<Project>
		<Option title="Anthill_version_final" />
		<Option pch_mode="2" />
		<Option compiler="gcc" />
		<Build>
			<Target title="Debug">
				<Option output="bin/Debug/Anthill_version_final" prefix_auto="1" extension_auto="1" />
				<Option object_output="obj/Debug/" />
				<Option type="1" />
				<Option compiler="gcc" />
				<Compiler>
					<Add option="-g" />
				</Compiler>
			</Target>
			<Target title="Release">
				<Option output="bin/Release/Anthill_version_final" prefix_auto="1" extension_auto="1" />
				<Option object_output="obj/Release/" />
				<Option type="1" />
				<Option compiler="gcc" />
				<Compiler>
					<Add option="-O2" />
				</Compiler>
				<Linker>
					<Add option="-s" />
				</Linker>
			</Target>
		</Build>
		<Compiler>
			<Add option="-Wall" />
			<Add option="-fexceptions" />
		</Compiler>
		<Unit filename="include/Box.h" />
		<Unit filename="include/Carte.h" />
		<Unit filename="include/Fourmie.h" />
		<Unit filename="include/Fourmilliere.h" />
		<Unit filename="include/Guerriere.h" />
		<Unit filename="include/Nourriture.h" />
		<Unit filename="include/Obstacle.h" />
		<Unit filename="include/Ouvriere.h" />
		<Unit filename="main.cpp" />
		<Unit filename="src/Box.cpp" />
		<Unit filename="src/Carte.cpp" />
		<Unit filename="src/Fourmie.cpp" />
		<Unit filename="src/Fourmilliere.cpp" />
		<Unit filename="src/Guerriere.cpp" />
		<Unit filename="src/Nourriture.cpp" />
		<Unit filename="src/Obstacle.cpp" />
		<Unit filename="src/Ouvriere.cpp" />
		<Extensions>
			<lib_finder disable_auto="1" />
		</Extensions>
	</Project>
</CodeBlocks_project_file>
